// !$*UTF8*$!
{
	archiveVersion = 1;
	classes = {
	};
	objectVersion = 55;
	objects = {

/* Begin PBXBuildFile section */
		26B46921286B57EA002A4A28 /* AppDelegate.swift in Sources */ = {isa = PBXBuildFile; fileRef = 26B46920286B57EA002A4A28 /* AppDelegate.swift */; };
		26B46923286B57EA002A4A28 /* SceneDelegate.swift in Sources */ = {isa = PBXBuildFile; fileRef = 26B46922286B57EA002A4A28 /* SceneDelegate.swift */; };
		26B46928286B57EA002A4A28 /* Main.storyboard in Resources */ = {isa = PBXBuildFile; fileRef = 26B46926286B57EA002A4A28 /* Main.storyboard */; };
		26B4692B286B57EA002A4A28 /* toDoList.xcdatamodeld in Sources */ = {isa = PBXBuildFile; fileRef = 26B46929286B57EA002A4A28 /* toDoList.xcdatamodeld */; };
		26B4692D286B57ED002A4A28 /* Assets.xcassets in Resources */ = {isa = PBXBuildFile; fileRef = 26B4692C286B57ED002A4A28 /* Assets.xcassets */; };
		26B46930286B57ED002A4A28 /* LaunchScreen.storyboard in Resources */ = {isa = PBXBuildFile; fileRef = 26B4692E286B57ED002A4A28 /* LaunchScreen.storyboard */; };
		26B4693B286B57EE002A4A28 /* toDoListTests.swift in Sources */ = {isa = PBXBuildFile; fileRef = 26B4693A286B57EE002A4A28 /* toDoListTests.swift */; };
		26B46945286B57EE002A4A28 /* toDoListUITests.swift in Sources */ = {isa = PBXBuildFile; fileRef = 26B46944286B57EE002A4A28 /* toDoListUITests.swift */; };
		26B46947286B57EE002A4A28 /* toDoListUITestsLaunchTests.swift in Sources */ = {isa = PBXBuildFile; fileRef = 26B46946286B57EE002A4A28 /* toDoListUITestsLaunchTests.swift */; };
/* End PBXBuildFile section */

/* Begin PBXContainerItemProxy section */
		26B46937286B57EE002A4A28 /* PBXContainerItemProxy */ = {
			isa = PBXContainerItemProxy;
			containerPortal = 26B46915286B57E9002A4A28 /* Project object */;
			proxyType = 1;
			remoteGlobalIDString = 26B4691C286B57EA002A4A28;
			remoteInfo = toDoList;
		};
		26B46941286B57EE002A4A28 /* PBXContainerItemProxy */ = {
			isa = PBXContainerItemProxy;
			containerPortal = 26B46915286B57E9002A4A28 /* Project object */;
			proxyType = 1;
			remoteGlobalIDString = 26B4691C286B57EA002A4A28;
			remoteInfo = toDoList;
		};
/* End PBXContainerItemProxy section */

/* Begin PBXFileReference section */
		26B4691D286B57EA002A4A28 /* toDoList.app */ = {isa = PBXFileReference; explicitFileType = wrapper.application; includeInIndex = 0; path = toDoList.app; sourceTree = BUILT_PRODUCTS_DIR; };
		26B46920286B57EA002A4A28 /* AppDelegate.swift */ = {isa = PBXFileReference; lastKnownFileType = sourcecode.swift; path = AppDelegate.swift; sourceTree = "<group>"; };
		26B46922286B57EA002A4A28 /* SceneDelegate.swift */ = {isa = PBXFileReference; lastKnownFileType = sourcecode.swift; path = SceneDelegate.swift; sourceTree = "<group>"; };
		26B46927286B57EA002A4A28 /* Base */ = {isa = PBXFileReference; lastKnownFileType = file.storyboard; name = Base; path = Base.lproj/Main.storyboard; sourceTree = "<group>"; };
		26B4692A286B57EA002A4A28 /* toDoList.xcdatamodel */ = {isa = PBXFileReference; lastKnownFileType = wrapper.xcdatamodel; path = toDoList.xcdatamodel; sourceTree = "<group>"; };
		26B4692C286B57ED002A4A28 /* Assets.xcassets */ = {isa = PBXFileReference; lastKnownFileType = folder.assetcatalog; path = Assets.xcassets; sourceTree = "<group>"; };
		26B4692F286B57ED002A4A28 /* Base */ = {isa = PBXFileReference; lastKnownFileType = file.storyboard; name = Base; path = Base.lproj/LaunchScreen.storyboard; sourceTree = "<group>"; };
		26B46931286B57ED002A4A28 /* Info.plist */ = {isa = PBXFileReference; lastKnownFileType = text.plist.xml; path = Info.plist; sourceTree = "<group>"; };
		26B46936286B57EE002A4A28 /* toDoListTests.xctest */ = {isa = PBXFileReference; explicitFileType = wrapper.cfbundle; includeInIndex = 0; path = toDoListTests.xctest; sourceTree = BUILT_PRODUCTS_DIR; };
		26B4693A286B57EE002A4A28 /* toDoListTests.swift */ = {isa = PBXFileReference; lastKnownFileType = sourcecode.swift; path = toDoListTests.swift; sourceTree = "<group>"; };
		26B46940286B57EE002A4A28 /* toDoListUITests.xctest */ = {isa = PBXFileReference; explicitFileType = wrapper.cfbundle; includeInIndex = 0; path = toDoListUITests.xctest; sourceTree = BUILT_PRODUCTS_DIR; };
		26B46944286B57EE002A4A28 /* toDoListUITests.swift */ = {isa = PBXFileReference; lastKnownFileType = sourcecode.swift; path = toDoListUITests.swift; sourceTree = "<group>"; };
		26B46946286B57EE002A4A28 /* toDoListUITestsLaunchTests.swift */ = {isa = PBXFileReference; lastKnownFileType = sourcecode.swift; path = toDoListUITestsLaunchTests.swift; sourceTree = "<group>"; };
/* End PBXFileReference section */

/* Begin PBXFrameworksBuildPhase section */
		26B4691A286B57EA002A4A28 /* Frameworks */ = {
			isa = PBXFrameworksBuildPhase;
			buildActionMask = 2147483647;
			files = (
			);
			runOnlyForDeploymentPostprocessing = 0;
		};
		26B46933286B57EE002A4A28 /* Frameworks */ = {
			isa = PBXFrameworksBuildPhase;
			buildActionMask = 2147483647;
			files = (
			);
			runOnlyForDeploymentPostprocessing = 0;
		};
		26B4693D286B57EE002A4A28 /* Frameworks */ = {
			isa = PBXFrameworksBuildPhase;
			buildActionMask = 2147483647;
			files = (
			);
			runOnlyForDeploymentPostprocessing = 0;
		};
/* End PBXFrameworksBuildPhase section */

/* Begin PBXGroup section */
		26B46914286B57E9002A4A28 = {
			isa = PBXGroup;
			children = (
				26B4691F286B57EA002A4A28 /* toDoList */,
				26B46939286B57EE002A4A28 /* toDoListTests */,
				26B46943286B57EE002A4A28 /* toDoListUITests */,
				26B4691E286B57EA002A4A28 /* Products */,
			);
			sourceTree = "<group>";
		};
		26B4691E286B57EA002A4A28 /* Products */ = {
			isa = PBXGroup;
			children = (
				26B4691D286B57EA002A4A28 /* toDoList.app */,
				26B46936286B57EE002A4A28 /* toDoListTests.xctest */,
				26B46940286B57EE002A4A28 /* toDoListUITests.xctest */,
			);
			name = Products;
			sourceTree = "<group>";
		};
		26B4691F286B57EA002A4A28 /* toDoList */ = {
			isa = PBXGroup;
			children = (
				26B46920286B57EA002A4A28 /* AppDelegate.swift */,
				26B46922286B57EA002A4A28 /* SceneDelegate.swift */,
				26B46926286B57EA002A4A28 /* Main.storyboard */,
				26B4692C286B57ED002A4A28 /* Assets.xcassets */,
				26B4692E286B57ED002A4A28 /* LaunchScreen.storyboard */,
				26B46931286B57ED002A4A28 /* Info.plist */,
				26B46929286B57EA002A4A28 /* toDoList.xcdatamodeld */,
			);
			path = toDoList;
			sourceTree = "<group>";
		};
		26B46939286B57EE002A4A28 /* toDoListTests */ = {
			isa = PBXGroup;
			children = (
				26B4693A286B57EE002A4A28 /* toDoListTests.swift */,
			);
			path = toDoListTests;
			sourceTree = "<group>";
		};
		26B46943286B57EE002A4A28 /* toDoListUITests */ = {
			isa = PBXGroup;
			children = (
				26B46944286B57EE002A4A28 /* toDoListUITests.swift */,
				26B46946286B57EE002A4A28 /* toDoListUITestsLaunchTests.swift */,
			);
			path = toDoListUITests;
			sourceTree = "<group>";
		};
/* End PBXGroup section */

/* Begin PBXNativeTarget section */
		26B4691C286B57EA002A4A28 /* toDoList */ = {
			isa = PBXNativeTarget;
			buildConfigurationList = 26B4694A286B57EE002A4A28 /* Build configuration list for PBXNativeTarget "toDoList" */;
			buildPhases = (
				26B46919286B57EA002A4A28 /* Sources */,
				26B4691A286B57EA002A4A28 /* Frameworks */,
				26B4691B286B57EA002A4A28 /* Resources */,
			);
			buildRules = (
			);
			dependencies = (
			);
			name = toDoList;
			productName = toDoList;
			productReference = 26B4691D286B57EA002A4A28 /* toDoList.app */;
			productType = "com.apple.product-type.application";
		};
		26B46935286B57EE002A4A28 /* toDoListTests */ = {
			isa = PBXNativeTarget;
			buildConfigurationList = 26B4694D286B57EE002A4A28 /* Build configuration list for PBXNativeTarget "toDoListTests" */;
			buildPhases = (
				26B46932286B57EE002A4A28 /* Sources */,
				26B46933286B57EE002A4A28 /* Frameworks */,
				26B46934286B57EE002A4A28 /* Resources */,
			);
			buildRules = (
			);
			dependencies = (
				26B46938286B57EE002A4A28 /* PBXTargetDependency */,
			);
			name = toDoListTests;
			productName = toDoListTests;
			productReference = 26B46936286B57EE002A4A28 /* toDoListTests.xctest */;
			productType = "com.apple.product-type.bundle.unit-test";
		};
		26B4693F286B57EE002A4A28 /* toDoListUITests */ = {
			isa = PBXNativeTarget;
			buildConfigurationList = 26B46950286B57EE002A4A28 /* Build configuration list for PBXNativeTarget "toDoListUITests" */;
			buildPhases = (
				26B4693C286B57EE002A4A28 /* Sources */,
				26B4693D286B57EE002A4A28 /* Frameworks */,
				26B4693E286B57EE002A4A28 /* Resources */,
			);
			buildRules = (
			);
			dependencies = (
				26B46942286B57EE002A4A28 /* PBXTargetDependency */,
			);
			name = toDoListUITests;
			productName = toDoListUITests;
			productReference = 26B46940286B57EE002A4A28 /* toDoListUITests.xctest */;
			productType = "com.apple.product-type.bundle.ui-testing";
		};
/* End PBXNativeTarget section */

/* Begin PBXProject section */
		26B46915286B57E9002A4A28 /* Project object */ = {
			isa = PBXProject;
			attributes = {
				BuildIndependentTargetsInParallel = 1;
				LastSwiftUpdateCheck = 1340;
				LastUpgradeCheck = 1340;
				TargetAttributes = {
					26B4691C286B57EA002A4A28 = {
						CreatedOnToolsVersion = 13.4.1;
					};
					26B46935286B57EE002A4A28 = {
						CreatedOnToolsVersion = 13.4.1;
						TestTargetID = 26B4691C286B57EA002A4A28;
					};
					26B4693F286B57EE002A4A28 = {
						CreatedOnToolsVersion = 13.4.1;
						TestTargetID = 26B4691C286B57EA002A4A28;
					};
				};
			};
			buildConfigurationList = 26B46918286B57E9002A4A28 /* Build configuration list for PBXProject "toDoList" */;
			compatibilityVersion = "Xcode 13.0";
			developmentRegion = en;
			hasScannedForEncodings = 0;
			knownRegions = (
				en,
				Base,
			);
			mainGroup = 26B46914286B57E9002A4A28;
			productRefGroup = 26B4691E286B57EA002A4A28 /* Products */;
			projectDirPath = "";
			projectRoot = "";
			targets = (
				26B4691C286B57EA002A4A28 /* toDoList */,
				26B46935286B57EE002A4A28 /* toDoListTests */,
				26B4693F286B57EE002A4A28 /* toDoListUITests */,
			);
		};
/* End PBXProject section */

/* Begin PBXResourcesBuildPhase section */
		26B4691B286B57EA002A4A28 /* Resources */ = {
			isa = PBXResourcesBuildPhase;
			buildActionMask = 2147483647;
			files = (
				26B46930286B57ED002A4A28 /* LaunchScreen.storyboard in Resources */,
				26B4692D286B57ED002A4A28 /* Assets.xcassets in Resources */,
				26B46928286B57EA002A4A28 /* Main.storyboard in Resources */,
			);
			runOnlyForDeploymentPostprocessing = 0;
		};
		26B46934286B57EE002A4A28 /* Resources */ = {
			isa = PBXResourcesBuildPhase;
			buildActionMask = 2147483647;
			files = (
			);
			runOnlyForDeploymentPostprocessing = 0;
		};
		26B4693E286B57EE002A4A28 /* Resources */ = {
			isa = PBXResourcesBuildPhase;
			buildActionMask = 2147483647;
			files = (
			);
			runOnlyForDeploymentPostprocessing = 0;
		};
/* End PBXResourcesBuildPhase section */

/* Begin PBXSourcesBuildPhase section */
		26B46919286B57EA002A4A28 /* Sources */ = {
			isa = PBXSourcesBuildPhase;
			buildActionMask = 2147483647;
			files = (
				26B46921286B57EA002A4A28 /* AppDelegate.swift in Sources */,
				26B46923286B57EA002A4A28 /* SceneDelegate.swift in Sources */,
				26B4692B286B57EA002A4A28 /* toDoList.xcdatamodeld in Sources */,
			);
			runOnlyForDeploymentPostprocessing = 0;
		};
		26B46932286B57EE002A4A28 /* Sources */ = {
			isa = PBXSourcesBuildPhase;
			buildActionMask = 2147483647;
			files = (
				26B4693B286B57EE002A4A28 /* toDoListTests.swift in Sources */,
			);
			runOnlyForDeploymentPostprocessing = 0;
		};
		26B4693C286B57EE002A4A28 /* Sources */ = {
			isa = PBXSourcesBuildPhase;
			buildActionMask = 2147483647;
			files = (
				26B46947286B57EE002A4A28 /* toDoListUITestsLaunchTests.swift in Sources */,
				26B46945286B57EE002A4A28 /* toDoListUITests.swift in Sources */,
			);
			runOnlyForDeploymentPostprocessing = 0;
		};
/* End PBXSourcesBuildPhase section */

/* Begin PBXTargetDependency section */
		26B46938286B57EE002A4A28 /* PBXTargetDependency */ = {
			isa = PBXTargetDependency;
			target = 26B4691C286B57EA002A4A28 /* toDoList */;
			targetProxy = 26B46937286B57EE002A4A28 /* PBXContainerItemProxy */;
		};
		26B46942286B57EE002A4A28 /* PBXTargetDependency */ = {
			isa = PBXTargetDependency;
			target = 26B4691C286B57EA002A4A28 /* toDoList */;
			targetProxy = 26B46941286B57EE002A4A28 /* PBXContainerItemProxy */;
		};
/* End PBXTargetDependency section */

/* Begin PBXVariantGroup section */
		26B46926286B57EA002A4A28 /* Main.storyboard */ = {
			isa = PBXVariantGroup;
			children = (
				26B46927286B57EA002A4A28 /* Base */,
			);
			name = Main.storyboard;
			sourceTree = "<group>";
		};
		26B4692E286B57ED002A4A28 /* LaunchScreen.storyboard */ = {
			isa = PBXVariantGroup;
			children = (
				26B4692F286B57ED002A4A28 /* Base */,
			);
			name = LaunchScreen.storyboard;
			sourceTree = "<group>";
		};
/* End PBXVariantGroup section */

/* Begin XCBuildConfiguration section */
		26B46948286B57EE002A4A28 /* Debug */ = {
			isa = XCBuildConfiguration;
			buildSettings = {
				ALWAYS_SEARCH_USER_PATHS = NO;
				CLANG_ANALYZER_NONNULL = YES;
				CLANG_ANALYZER_NUMBER_OBJECT_CONVERSION = YES_AGGRESSIVE;
				CLANG_CXX_LANGUAGE_STANDARD = "gnu++17";
				CLANG_ENABLE_MODULES = YES;
				CLANG_ENABLE_OBJC_ARC = YES;
				CLANG_ENABLE_OBJC_WEAK = YES;
				CLANG_WARN_BLOCK_CAPTURE_AUTORELEASING = YES;
				CLANG_WARN_BOOL_CONVERSION = YES;
				CLANG_WARN_COMMA = YES;
				CLANG_WARN_CONSTANT_CONVERSION = YES;
				CLANG_WARN_DEPRECATED_OBJC_IMPLEMENTATIONS = YES;
				CLANG_WARN_DIRECT_OBJC_ISA_USAGE = YES_ERROR;
				CLANG_WARN_DOCUMENTATION_COMMENTS = YES;
				CLANG_WARN_EMPTY_BODY = YES;
				CLANG_WARN_ENUM_CONVERSION = YES;
				CLANG_WARN_INFINITE_RECURSION = YES;
				CLANG_WARN_INT_CONVERSION = YES;
				CLANG_WARN_NON_LITERAL_NULL_CONVERSION = YES;
				CLANG_WARN_OBJC_IMPLICIT_RETAIN_SELF = YES;
				CLANG_WARN_OBJC_LITERAL_CONVERSION = YES;
				CLANG_WARN_OBJC_ROOT_CLASS = YES_ERROR;
				CLANG_WARN_QUOTED_INCLUDE_IN_FRAMEWORK_HEADER = YES;
				CLANG_WARN_RANGE_LOOP_ANALYSIS = YES;
				CLANG_WARN_STRICT_PROTOTYPES = YES;
				CLANG_WARN_SUSPICIOUS_MOVE = YES;
				CLANG_WARN_UNGUARDED_AVAILABILITY = YES_AGGRESSIVE;
				CLANG_WARN_UNREACHABLE_CODE = YES;
				CLANG_WARN__DUPLICATE_METHOD_MATCH = YES;
				COPY_PHASE_STRIP = NO;
				DEBUG_INFORMATION_FORMAT = dwarf;
				ENABLE_STRICT_OBJC_MSGSEND = YES;
				ENABLE_TESTABILITY = YES;
				GCC_C_LANGUAGE_STANDARD = gnu11;
				GCC_DYNAMIC_NO_PIC = NO;
				GCC_NO_COMMON_BLOCKS = YES;
				GCC_OPTIMIZATION_LEVEL = 0;
				GCC_PREPROCESSOR_DEFINITIONS = (
					"DEBUG=1",
					"$(inherited)",
				);
				GCC_WARN_64_TO_32_BIT_CONVERSION = YES;
				GCC_WARN_ABOUT_RETURN_TYPE = YES_ERROR;
				GCC_WARN_UNDECLARED_SELECTOR = YES;
				GCC_WARN_UNINITIALIZED_AUTOS = YES_AGGRESSIVE;
				GCC_WARN_UNUSED_FUNCTION = YES;
				GCC_WARN_UNUSED_VARIABLE = YES;
				IPHONEOS_DEPLOYMENT_TARGET = 15.5;
				MTL_ENABLE_DEBUG_INFO = INCLUDE_SOURCE;
				MTL_FAST_MATH = YES;
				ONLY_ACTIVE_ARCH = YES;
				SDKROOT = iphoneos;
				SWIFT_ACTIVE_COMPILATION_CONDITIONS = DEBUG;
				SWIFT_OPTIMIZATION_LEVEL = "-Onone";
			};
			name = Debug;
		};
		26B46949286B57EE002A4A28 /* Release */ = {
			isa = XCBuildConfiguration;
			buildSettings = {
				ALWAYS_SEARCH_USER_PATHS = NO;
				CLANG_ANALYZER_NONNULL = YES;
				CLANG_ANALYZER_NUMBER_OBJECT_CONVERSION = YES_AGGRESSIVE;
				CLANG_CXX_LANGUAGE_STANDARD = "gnu++17";
				CLANG_ENABLE_MODULES = YES;
				CLANG_ENABLE_OBJC_ARC = YES;
				CLANG_ENABLE_OBJC_WEAK = YES;
				CLANG_WARN_BLOCK_CAPTURE_AUTORELEASING = YES;
				CLANG_WARN_BOOL_CONVERSION = YES;
				CLANG_WARN_COMMA = YES;
				CLANG_WARN_CONSTANT_CONVERSION = YES;
				CLANG_WARN_DEPRECATED_OBJC_IMPLEMENTATIONS = YES;
				CLANG_WARN_DIRECT_OBJC_ISA_USAGE = YES_ERROR;
				CLANG_WARN_DOCUMENTATION_COMMENTS = YES;
				CLANG_WARN_EMPTY_BODY = YES;
				CLANG_WARN_ENUM_CONVERSION = YES;
				CLANG_WARN_INFINITE_RECURSION = YES;
				CLANG_WARN_INT_CONVERSION = YES;
				CLANG_WARN_NON_LITERAL_NULL_CONVERSION = YES;
				CLANG_WARN_OBJC_IMPLICIT_RETAIN_SELF = YES;
				CLANG_WARN_OBJC_LITERAL_CONVERSION = YES;
				CLANG_WARN_OBJC_ROOT_CLASS = YES_ERROR;
				CLANG_WARN_QUOTED_INCLUDE_IN_FRAMEWORK_HEADER = YES;
				CLANG_WARN_RANGE_LOOP_ANALYSIS = YES;
				CLANG_WARN_STRICT_PROTOTYPES = YES;
				CLANG_WARN_SUSPICIOUS_MOVE = YES;
				CLANG_WARN_UNGUARDED_AVAILABILITY = YES_AGGRESSIVE;
				CLANG_WARN_UNREACHABLE_CODE = YES;
				CLANG_WARN__DUPLICATE_METHOD_MATCH = YES;
				COPY_PHASE_STRIP = NO;
				DEBUG_INFORMATION_FORMAT = "dwarf-with-dsym";
				ENABLE_NS_ASSERTIONS = NO;
				ENABLE_STRICT_OBJC_MSGSEND = YES;
				GCC_C_LANGUAGE_STANDARD = gnu11;
				GCC_NO_COMMON_BLOCKS = YES;
				GCC_WARN_64_TO_32_BIT_CONVERSION = YES;
				GCC_WARN_ABOUT_RETURN_TYPE = YES_ERROR;
				GCC_WARN_UNDECLARED_SELECTOR = YES;
				GCC_WARN_UNINITIALIZED_AUTOS = YES_AGGRESSIVE;
				GCC_WARN_UNUSED_FUNCTION = YES;
				GCC_WARN_UNUSED_VARIABLE = YES;
				IPHONEOS_DEPLOYMENT_TARGET = 15.5;
				MTL_ENABLE_DEBUG_INFO = NO;
				MTL_FAST_MATH = YES;
				SDKROOT = iphoneos;
				SWIFT_COMPILATION_MODE = wholemodule;
				SWIFT_OPTIMIZATION_LEVEL = "-O";
				VALIDATE_PRODUCT = YES;
			};
			name = Release;
		};
		26B4694B286B57EE002A4A28 /* Debug */ = {
			isa = XCBuildConfiguration;
			buildSettings = {
				ASSETCATALOG_COMPILER_APPICON_NAME = AppIcon;
				ASSETCATALOG_COMPILER_GLOBAL_ACCENT_COLOR_NAME = AccentColor;
				CODE_SIGN_STYLE = Automatic;
				CURRENT_PROJECT_VERSION = 1;
				GENERATE_INFOPLIST_FILE = YES;
				INFOPLIST_FILE = toDoList/Info.plist;
				INFOPLIST_KEY_UIApplicationSupportsIndirectInputEvents = YES;
				INFOPLIST_KEY_UILaunchStoryboardName = LaunchScreen;
				INFOPLIST_KEY_UIMainStoryboardFile = Main;
				INFOPLIST_KEY_UISupportedInterfaceOrientations_iPad = "UIInterfaceOrientationPortrait UIInterfaceOrientationPortraitUpsideDown UIInterfaceOrientationLandscapeLeft UIInterfaceOrientationLandscapeRight";
				INFOPLIST_KEY_UISupportedInterfaceOrientations_iPhone = "UIInterfaceOrientationPortrait UIInterfaceOrientationLandscapeLeft UIInterfaceOrientationLandscapeRight";
				LD_RUNPATH_SEARCH_PATHS = (
					"$(inherited)",
					"@executable_path/Frameworks",
				);
				MARKETING_VERSION = 1.0;
				PRODUCT_BUNDLE_IDENTIFIER = kwk.toDoList;
				PRODUCT_NAME = "$(TARGET_NAME)";
				SWIFT_EMIT_LOC_STRINGS = YES;
				SWIFT_VERSION = 5.0;
				TARGETED_DEVICE_FAMILY = "1,2";
			};
			name = Debug;
		};
		26B4694C286B57EE002A4A28 /* Release */ = {
			isa = XCBuildConfiguration;
			buildSettings = {
				ASSETCATALOG_COMPILER_APPICON_NAME = AppIcon;
				ASSETCATALOG_COMPILER_GLOBAL_ACCENT_COLOR_NAME = AccentColor;
				CODE_SIGN_STYLE = Automatic;
				CURRENT_PROJECT_VERSION = 1;
				GENERATE_INFOPLIST_FILE = YES;
				INFOPLIST_FILE = toDoList/Info.plist;
				INFOPLIST_KEY_UIApplicationSupportsIndirectInputEvents = YES;
				INFOPLIST_KEY_UILaunchStoryboardName = LaunchScreen;
				INFOPLIST_KEY_UIMainStoryboardFile = Main;
				INFOPLIST_KEY_UISupportedInterfaceOrientations_iPad = "UIInterfaceOrientationPortrait UIInterfaceOrientationPortraitUpsideDown UIInterfaceOrientationLandscapeLeft UIInterfaceOrientationLandscapeRight";
				INFOPLIST_KEY_UISupportedInterfaceOrientations_iPhone = "UIInterfaceOrientationPortrait UIInterfaceOrientationLandscapeLeft UIInterfaceOrientationLandscapeRight";
				LD_RUNPATH_SEARCH_PATHS = (
					"$(inherited)",
					"@executable_path/Frameworks",
				);
				MARKETING_VERSION = 1.0;
				PRODUCT_BUNDLE_IDENTIFIER = kwk.toDoList;
				PRODUCT_NAME = "$(TARGET_NAME)";
				SWIFT_EMIT_LOC_STRINGS = YES;
				SWIFT_VERSION = 5.0;
				TARGETED_DEVICE_FAMILY = "1,2";
			};
			name = Release;
		};
		26B4694E286B57EE002A4A28 /* Debug */ = {
			isa = XCBuildConfiguration;
			buildSettings = {
				ALWAYS_EMBED_SWIFT_STANDARD_LIBRARIES = YES;
				BUNDLE_LOADER = "$(TEST_HOST)";
				CODE_SIGN_STYLE = Automatic;
				CURRENT_PROJECT_VERSION = 1;
				GENERATE_INFOPLIST_FILE = YES;
				IPHONEOS_DEPLOYMENT_TARGET = 15.5;
				MARKETING_VERSION = 1.0;
				PRODUCT_BUNDLE_IDENTIFIER = kwk.toDoListTests;
				PRODUCT_NAME = "$(TARGET_NAME)";
				SWIFT_EMIT_LOC_STRINGS = NO;
				SWIFT_VERSION = 5.0;
				TARGETED_DEVICE_FAMILY = "1,2";
				TEST_HOST = "$(BUILT_PRODUCTS_DIR)/toDoList.app/toDoList";
			};
			name = Debug;
		};
		26B4694F286B57EE002A4A28 /* Release */ = {
			isa = XCBuildConfiguration;
			buildSettings = {
				ALWAYS_EMBED_SWIFT_STANDARD_LIBRARIES = YES;
				BUNDLE_LOADER = "$(TEST_HOST)";
				CODE_SIGN_STYLE = Automatic;
				CURRENT_PROJECT_VERSION = 1;
				GENERATE_INFOPLIST_FILE = YES;
				IPHONEOS_DEPLOYMENT_TARGET = 15.5;
				MARKETING_VERSION = 1.0;
				PRODUCT_BUNDLE_IDENTIFIER = kwk.toDoListTests;
				PRODUCT_NAME = "$(TARGET_NAME)";
				SWIFT_EMIT_LOC_STRINGS = NO;
				SWIFT_VERSION = 5.0;
				TARGETED_DEVICE_FAMILY = "1,2";
				TEST_HOST = "$(BUILT_PRODUCTS_DIR)/toDoList.app/toDoList";
			};
			name = Release;
		};
		26B46951286B57EE002A4A28 /* Debug */ = {
			isa = XCBuildConfiguration;
			buildSettings = {
				ALWAYS_EMBED_SWIFT_STANDARD_LIBRARIES = YES;
				CODE_SIGN_STYLE = Automatic;
				CURRENT_PROJECT_VERSION = 1;
				GENERATE_INFOPLIST_FILE = YES;
				MARKETING_VERSION = 1.0;
				PRODUCT_BUNDLE_IDENTIFIER = kwk.toDoListUITests;
				PRODUCT_NAME = "$(TARGET_NAME)";
				SWIFT_EMIT_LOC_STRINGS = NO;
				SWIFT_VERSION = 5.0;
				TARGETED_DEVICE_FAMILY = "1,2";
				TEST_TARGET_NAME = toDoList;
			};
			name = Debug;
		};
		26B46952286B57EE002A4A28 /* Release */ = {
			isa = XCBuildConfiguration;
			buildSettings = {
				ALWAYS_EMBED_SWIFT_STANDARD_LIBRARIES = YES;
				CODE_SIGN_STYLE = Automatic;
				CURRENT_PROJECT_VERSION = 1;
				GENERATE_INFOPLIST_FILE = YES;
				MARKETING_VERSION = 1.0;
				PRODUCT_BUNDLE_IDENTIFIER = kwk.toDoListUITests;
				PRODUCT_NAME = "$(TARGET_NAME)";
				SWIFT_EMIT_LOC_STRINGS = NO;
				SWIFT_VERSION = 5.0;
				TARGETED_DEVICE_FAMILY = "1,2";
				TEST_TARGET_NAME = toDoList;
			};
			name = Release;
		};
/* End XCBuildConfiguration section */

/* Begin XCConfigurationList section */
		26B46918286B57E9002A4A28 /* Build configuration list for PBXProject "toDoList" */ = {
			isa = XCConfigurationList;
			buildConfigurations = (
				26B46948286B57EE002A4A28 /* Debug */,
				26B46949286B57EE002A4A28 /* Release */,
			);
			defaultConfigurationIsVisible = 0;
			defaultConfigurationName = Release;
		};
		26B4694A286B57EE002A4A28 /* Build configuration list for PBXNativeTarget "toDoList" */ = {
			isa = XCConfigurationList;
			buildConfigurations = (
				26B4694B286B57EE002A4A28 /* Debug */,
				26B4694C286B57EE002A4A28 /* Release */,
			);
			defaultConfigurationIsVisible = 0;
			defaultConfigurationName = Release;
		};
		26B4694D286B57EE002A4A28 /* Build configuration list for PBXNativeTarget "toDoListTests" */ = {
			isa = XCConfigurationList;
			buildConfigurations = (
				26B4694E286B57EE002A4A28 /* Debug */,
				26B4694F286B57EE002A4A28 /* Release */,
			);
			defaultConfigurationIsVisible = 0;
			defaultConfigurationName = Release;
		};
		26B46950286B57EE002A4A28 /* Build configuration list for PBXNativeTarget "toDoListUITests" */ = {
			isa = XCConfigurationList;
			buildConfigurations = (
				26B46951286B57EE002A4A28 /* Debug */,
				26B46952286B57EE002A4A28 /* Release */,
			);
			defaultConfigurationIsVisible = 0;
			defaultConfigurationName = Release;
		};
/* End XCConfigurationList section */

/* Begin XCVersionGroup section */
		26B46929286B57EA002A4A28 /* toDoList.xcdatamodeld */ = {
			isa = XCVersionGroup;
			children = (
				26B4692A286B57EA002A4A28 /* toDoList.xcdatamodel */,
			);
			currentVersion = 26B4692A286B57EA002A4A28 /* toDoList.xcdatamodel */;
			path = toDoList.xcdatamodeld;
			sourceTree = "<group>";
			versionGroupType = wrapper.xcdatamodel;
		};
/* End XCVersionGroup section */
	};
	rootObject = 26B46915286B57E9002A4A28 /* Project object */;
}
